{
  "name": "kym",
  "version": "0.1.0",
  "lockfileVersion": 3,
  "requires": true,
  "packages": {
    "": {
      "name": "kym",
      "version": "0.1.0",
      "workspaces": [
        "packages/contract",
        "packages/engine",
        "packages/sync",
        "cli"
      ]
    },
    "cli": {
      "name": "@kym/cli",
      "version": "0.1.0",
      "dependencies": {
        "@kym/contract": "file:../packages/contract",
        "@kym/engine": "file:../packages/engine"
      },
      "bin": {
        "kym": "kym.mjs",
        "kym-demo": "demo.mjs"
      }
    },
    "node_modules/@kym/cli": {
      "resolved": "cli",
      "link": true
    },
    "node_modules/@kym/contract": {
      "resolved": "packages/contract",
      "link": true
    },
    "node_modules/@kym/engine": {
      "resolved": "packages/engine",
      "link": true
    },
    "node_modules/@kym/sync": {
      "resolved": "packages/sync",
      "link": true
    },
    "node_modules/@noble/ciphers": {
      "version": "2.2.0",
      "resolved": "https://registry.npmjs.org/@noble/ciphers/-/ciphers-2.2.0.tgz",
      "integrity": "sha512-Z6pjIZ/8IJcCGzb2S/0Px5J81yij85xASuk1teLNeg75bfT07MV3a/O2Mtn1I2se43k3lkVEcFaR10N4cgQcZA==",
      "license": "MIT",
      "engines": {
        "node": ">= 20.19.0"
      },
      "funding": {
        "url": "https://paulmillr.com/funding/"
      }
    },
    "node_modules/@noble/hashes": {
      "version": "2.2.0",
      "resolved": "https://registry.npmjs.org/@noble/hashes/-/hashes-2.2.0.tgz",
      "integrity": "sha512-IYqDGiTXab6FniAgnSdZwgWbomxpy9FtYvLKs7wCUs2a8RkITG+DFGO1DM9cr+E3/RgADRpFjrKVaJ1z6sjtEg==",
      "license": "MIT",
      "engines": {
        "node": ">= 20.19.0"
      },
      "funding": {
        "url": "https://paulmillr.com/funding/"
      }
    },
    "packages/contract": {
      "name": "@kym/contract",
      "version": "0.1.0"
    },
    "packages/engine": {
      "name": "@kym/engine",
      "version": "0.1.0",
      "dependencies": {
        "@kym/contract": "file:../contract"
      }
    },
    "packages/sync": {
      "name": "@kym/sync",
      "version": "0.1.0",
      "dependencies": {
        "@kym/contract": "file:../contract",
        "@kym/engine": "file:../engine",
        "@noble/ciphers": "^2.2.0",
        "@noble/hashes": "^2.2.0"
      }
    }
  }
}
